
Microsoft Visual Studio Solution File, Format Version 12.00
# Visual Studio Version 16
VisualStudioVersion = 16.0.33027.164
MinimumVisualStudioVersion = 10.0.40219.1
Project("{FAE04EC0-301F-11D3-BF4B-00C04F79EFBC}") = "ex3", "ex3.csproj", "{3D259D51-707C-4AF0-B71D-73B1AB875222}"
EndProject
Global
	GlobalSection(SolutionConfigurationPlatforms) = preSolution
		Debug|Any CPU = Debug|Any CPU
		Release|Any CPU = Release|Any CPU
	EndGlobalSection
	GlobalSection(ProjectConfigurationPlatforms) = postSolution
		{3D259D51-707C-4AF0-B71D-73B1AB875222}.Debug|Any CPU.ActiveCfg = Debug|Any CPU
		{3D259D51-707C-4AF0-B71D-73B1AB875222}.Debug|Any CPU.Build.0 = Debug|Any CPU
		{3D259D51-707C-4AF0-B71D-73B1AB875222}.Release|Any CPU.ActiveCfg = Release|Any CPU
		{3D259D51-707C-4AF0-B71D-73B1AB875222}.Release|Any CPU.Build.0 = Release|Any CPU
	EndGlobalSection
	GlobalSection(SolutionProperties) = preSolution
		HideSolutionNode = FALSE
	EndGlobalSection
	GlobalSection(ExtensibilityGlobals) = postSolution
		SolutionGuid = {082AB907-21B0-4F09-9C49-0558F1645754}
	EndGlobalSection
EndGlobal
