
Microsoft Visual Studio Solution File, Format Version 12.00
# Visual Studio Version 16
VisualStudioVersion = 16.0.33027.164
MinimumVisualStudioVersion = 10.0.40219.1
Project("{FAE04EC0-301F-11D3-BF4B-00C04F79EFBC}") = "ejemplovisual", "ejemplovisual.csproj", "{3958FF3D-EDCA-4A40-903A-3EA5C74EB8B3}"
EndProject
Global
	GlobalSection(SolutionConfigurationPlatforms) = preSolution
		Debug|Any CPU = Debug|Any CPU
		Release|Any CPU = Release|Any CPU
	EndGlobalSection
	GlobalSection(ProjectConfigurationPlatforms) = postSolution
		{3958FF3D-EDCA-4A40-903A-3EA5C74EB8B3}.Debug|Any CPU.ActiveCfg = Debug|Any CPU
		{3958FF3D-EDCA-4A40-903A-3EA5C74EB8B3}.Debug|Any CPU.Build.0 = Debug|Any CPU
		{3958FF3D-EDCA-4A40-903A-3EA5C74EB8B3}.Release|Any CPU.ActiveCfg = Release|Any CPU
		{3958FF3D-EDCA-4A40-903A-3EA5C74EB8B3}.Release|Any CPU.Build.0 = Release|Any CPU
	EndGlobalSection
	GlobalSection(SolutionProperties) = preSolution
		HideSolutionNode = FALSE
	EndGlobalSection
	GlobalSection(ExtensibilityGlobals) = postSolution
		SolutionGuid = {66707D24-FADB-4547-BB0F-3F31F075B3BE}
	EndGlobalSection
EndGlobal
